{
  "R": {
    "Version": "3.6.3",
    "Repositories": [
      {
        "Name": "CRAN",
        "URL": "https://cran.rstudio.com"
      },
      {
        "Name": "BioCsoft",
        "URL": "https://bioconductor.org/packages/3.9/bioc"
      },
      {
        "Name": "BioCann",
        "URL": "https://bioconductor.org/packages/3.9/data/annotation"
      },
      {
        "Name": "BioCexp",
        "URL": "https://bioconductor.org/packages/3.9/data/experiment"
      },
      {
        "Name": "CRANextra",
        "URL": "https://www.stats.ox.ac.uk/pub/RWin"
      },
      {
        "Name": "Omegahat",
        "URL": "http://www.omegahat.net/R"
      },
      {
        "Name": "R-Forge",
        "URL": "https://R-Forge.R-project.org"
      },
      {
        "Name": "rforge.net",
        "URL": "https://www.rforge.net"
      }
    ]
  },
  "Bioconductor": {
    "Version": "3.10"
  },
  "Packages": {
    "AnnotationDbi": {
      "Package": "AnnotationDbi",
      "Version": "1.48.0",
      "Source": "Bioconductor",
      "Hash": "c5f3f140470b1941580859d3fc5c6bc0"
    },
    "BH": {
      "Package": "BH",
      "Version": "1.72.0-3",
      "Source": "Repository",
      "Repository": "CRAN",
      "Hash": "8f9ce74c6417d61f0782cbae5fd2b7b0"
    },
    "Biobase": {
      "Package": "Biobase",
      "Version": "2.46.0",
      "Source": "Bioconductor",
      "Hash": "ddbfe185296ede75aadb84a51724ac88"
    },
    "BiocFileCache": {
      "Package": "BiocFileCache",
      "Version": "1.10.2",
      "Source": "Bioconductor",
      "Hash": "6b036e16fdfecc74e515a92b74983b20"
    },
    "BiocGenerics": {
      "Package": "BiocGenerics",
      "Version": "0.32.0",
      "Source": "Bioconductor",
      "Hash": "b2dabf833cc349c2cd9cba38de7af085"
    },
    "BiocManager": {
      "Package": "BiocManager",
      "Version": "1.30.10",
      "Source": "Repository",
      "Repository": "CRAN",
      "Hash": "db75371846625725e221470b310da1d5"
    },
    "BiocParallel": {
      "Package": "BiocParallel",
      "Version": "1.20.1",
      "Source": "Bioconductor",
      "Hash": "744ce1b8f59ad5827fe03f30a4fe8e50"
    },
    "BiocVersion": {
      "Package": "BiocVersion",
      "Version": "3.10.1",
      "Source": "Bioconductor",
      "Hash": "b69e4e634db423b8e6c58103d579ec95"
    },
    "Biostrings": {
      "Package": "Biostrings",
      "Version": "2.54.0",
      "Source": "Bioconductor",
      "Hash": "edf03f0e37fc3c09c95dcf8bf3900972"
    },
    "DBI": {
      "Package": "DBI",
      "Version": "1.1.1",
      "Source": "Repository",
      "Repository": "CRAN",
      "Hash": "030aaec5bc6553f35347cbb1e70b1a17"
    },
    "DESeq2": {
      "Package": "DESeq2",
      "Version": "1.26.0",
      "Source": "Bioconductor",
      "Hash": "2d7498bcee6497bfb16433828cca25fe"
    },
    "DT": {
      "Package": "DT",
      "Version": "0.11",
      "Source": "Repository",
      "Repository": "CRAN",
      "Hash": "41012742c331838c6f802830f2b87021"
    },
    "DelayedArray": {
      "Package": "DelayedArray",
      "Version": "0.12.3",
      "Source": "Bioconductor",
      "Hash": "b6d613d1e53206ce39aa7a27a1704486"
    },
    "Formula": {
      "Package": "Formula",
      "Version": "1.2-4",
      "Source": "Repository",
      "Repository": "CRAN",
      "Hash": "cc8c8c4d61346cde1ca60030ff9c241f"
    },
    "GenomeInfoDb": {
      "Package": "GenomeInfoDb",
      "Version": "1.22.1",
      "Source": "Bioconductor",
      "Hash": "df46d6ce62f1e897fecbfc5e847d823c"
    },
    "GenomeInfoDbData": {
      "Package": "GenomeInfoDbData",
      "Version": "1.2.2",
      "Source": "Bioconductor",
      "Hash": "de42132c04371f624cdea8de86e8fc5d"
    },
    "GenomicAlignments": {
      "Package": "GenomicAlignments",
      "Version": "1.22.1",
      "Source": "Bioconductor",
      "Hash": "0bc774dd3636e0aff56a80da6f928211"
    },
    "GenomicFeatures": {
      "Package": "GenomicFeatures",
      "Version": "1.38.2",
      "Source": "Bioconductor",
      "Hash": "e7b68b361825083dec6055ea8381b6ca"
    },
    "GenomicRanges": {
      "Package": "GenomicRanges",
      "Version": "1.38.0",
      "Source": "Bioconductor",
      "Hash": "8ff54983afa8eda100fa0fcadd6816bf"
    },
    "Hmisc": {
      "Package": "Hmisc",
      "Version": "4.4-2",
      "Source": "Repository",
      "Repository": "CRAN",
      "Hash": "66458e906b2112a8b1639964efd77d7c"
    },
    "IRanges": {
      "Package": "IRanges",
      "Version": "2.20.2",
      "Source": "Bioconductor",
      "Hash": "148fe882b25f679b03afc45da15e760c"
    },
    "KernSmooth": {
      "Package": "KernSmooth",
      "Version": "2.23-18",
      "Source": "Repository",
      "Repository": "CRAN",
      "Hash": "9e703ad8bf0e99f3691f05da32dfe68b"
    },
    "MASS": {
      "Package": "MASS",
      "Version": "7.3-51.4",
      "Source": "Repository",
      "Repository": "CRAN",
      "Hash": "a94714e63996bc284b8795ec50defc07"
    },
    "Matrix": {
      "Package": "Matrix",
      "Version": "1.2-17",
      "Source": "Repository",
      "Repository": "CRAN",
      "Hash": "39ea11fb3ad0d759f9f1c053fd442957"
    },
    "R6": {
      "Package": "R6",
      "Version": "2.4.1",
      "Source": "Repository",
      "Repository": "CRAN",
      "Hash": "292b54f8f4b94669b08f94e5acce6be2"
    },
    "RColorBrewer": {
      "Package": "RColorBrewer",
      "Version": "1.1-2",
      "Source": "CRAN",
      "Repository": "CRAN",
      "RemoteType": "standard",
      "RemoteRef": "RColorBrewer",
      "RemoteRepos": "https://cran.rstudio.com",
      "RemoteSha": "1.1-2",
      "Hash": "e031418365a7f7a766181ab5a41a5716"
    },
    "RCurl": {
      "Package": "RCurl",
      "Version": "1.98-1.2",
      "Source": "Repository",
      "Repository": "CRAN",
      "Hash": "cf29e1b71f8736960e0e851123a83e6f"
    },
    "RSQLite": {
      "Package": "RSQLite",
      "Version": "2.2.3",
      "Source": "Repository",
      "Repository": "CRAN",
      "Hash": "a281e35445a1c4fc7ccfc62f01bb1e2d"
    },
    "Rcpp": {
      "Package": "Rcpp",
      "Version": "1.0.3",
      "Source": "Repository",
      "Repository": "CRAN",
      "Hash": "f3ca785924863b0e4c8cb23b6a5c75a1"
    },
    "RcppArmadillo": {
      "Package": "RcppArmadillo",
      "Version": "0.10.1.2.2",
      "Source": "Repository",
      "Repository": "CRAN",
      "Hash": "c66578fcae4cd6f42bddffee8a67f19b"
    },
    "Rhtslib": {
      "Package": "Rhtslib",
      "Version": "1.18.1",
      "Source": "Bioconductor",
      "Hash": "70d3c447ca9f22a8f0b07328dbe32421"
    },
    "Rsamtools": {
      "Package": "Rsamtools",
      "Version": "2.2.3",
      "Source": "Bioconductor",
      "Hash": "6d7d5bb29dd9bb69bfabccfa595a8a53"
    },
    "S4Vectors": {
      "Package": "S4Vectors",
      "Version": "0.24.4",
      "Source": "Bioconductor",
      "Hash": "e338665aea0ba0bbf7615d318b2eccee"
    },
    "SummarizedExperiment": {
      "Package": "SummarizedExperiment",
      "Version": "1.16.1",
      "Source": "Bioconductor",
      "Hash": "1f4c0859b8f338bd9f8c0b7967e719a3"
    },
    "TSP": {
      "Package": "TSP",
      "Version": "1.1-10",
      "Source": "Repository",
      "Repository": "CRAN",
      "Hash": "58f127ba1d26ddb0435f9959e814dbea"
    },
    "XML": {
      "Package": "XML",
      "Version": "3.99-0.3",
      "Source": "Repository",
      "Repository": "CRAN",
      "Hash": "c1616606f097075542c12fb8a10a071e"
    },
    "XVector": {
      "Package": "XVector",
      "Version": "0.26.0",
      "Source": "Bioconductor",
      "Hash": "b72b7c53049b71fbfd0792fb7ec66987"
    },
    "annotate": {
      "Package": "annotate",
      "Version": "1.64.0",
      "Source": "Bioconductor",
      "Hash": "48b73c5d046919eceb3867df75074b30"
    },
    "askpass": {
      "Package": "askpass",
      "Version": "1.1",
      "Source": "Repository",
      "Repository": "CRAN",
      "Hash": "e8a22846fff485f0be3770c2da758713"
    },
    "assertthat": {
      "Package": "assertthat",
      "Version": "0.2.1",
      "Source": "CRAN",
      "Repository": "CRAN",
      "RemoteType": "standard",
      "RemoteRef": "assertthat",
      "RemoteRepos": "https://cran.rstudio.com",
      "RemoteSha": "0.2.1",
      "Hash": "50c838a310445e954bc13f26f26a6ecf"
    },
    "backports": {
      "Package": "backports",
      "Version": "1.1.5",
      "Source": "Repository",
      "Repository": "CRAN",
      "Hash": "e9f705633dc932bfd5b02b17a5053a06"
    },
    "base64enc": {
      "Package": "base64enc",
      "Version": "0.1-3",
      "Source": "Repository",
      "Repository": "CRAN",
      "Hash": "543776ae6848fde2f48ff3816d0628bc"
    },
    "biobroom": {
      "Package": "biobroom",
      "Version": "1.18.0",
      "Source": "Bioconductor",
      "Hash": "82aeed34528ded218f98063c22b49d63"
    },
    "biomaRt": {
      "Package": "biomaRt",
      "Version": "2.42.1",
      "Source": "Bioconductor",
      "Hash": "8482bfe886794fbbf64282f1484cf8a5"
    },
    "bit": {
      "Package": "bit",
      "Version": "4.0.4",
      "Source": "Repository",
      "Repository": "CRAN",
      "Hash": "f36715f14d94678eea9933af927bc15d"
    },
    "bit64": {
      "Package": "bit64",
      "Version": "4.0.5",
      "Source": "Repository",
      "Repository": "CRAN",
      "Hash": "9fe98599ca456d6552421db0d6772d8f"
    },
    "bitops": {
      "Package": "bitops",
      "Version": "1.0-6",
      "Source": "Repository",
      "Repository": "CRAN",
      "Hash": "0b118d5900596bae6c4d4865374536a6"
    },
    "blob": {
      "Package": "blob",
      "Version": "1.2.1",
      "Source": "Repository",
      "Repository": "CRAN",
      "Hash": "9addc7e2c5954eca5719928131fed98c"
    },
    "boot": {
      "Package": "boot",
      "Version": "1.3-25",
      "Source": "Repository",
      "Repository": "CRAN",
      "Hash": "bd51734a754b6c2baf28b2d1ebc11e91"
    },
    "brew": {
      "Package": "brew",
      "Version": "1.0-6",
      "Source": "Repository",
      "Repository": "CRAN",
      "Hash": "92a5f887f9ae3035ac7afde22ba73ee9"
    },
    "brio": {
      "Package": "brio",
      "Version": "1.1.1",
      "Source": "Repository",
      "Repository": "CRAN",
      "Hash": "36758510e65a457efeefa50e1e7f0576"
    },
    "broom": {
      "Package": "broom",
      "Version": "0.7.3",
      "Source": "Repository",
      "Repository": "CRAN",
      "Hash": "5581a5ddc8fe2ac5e0d092ec2de4c4ae"
    },
    "bslib": {
      "Package": "bslib",
      "Version": "0.2.4",
      "Source": "Repository",
      "Repository": "CRAN",
      "Hash": "4830a372b241d78ed6f53731ee3023ac"
    },
    "caTools": {
      "Package": "caTools",
      "Version": "1.18.1",
      "Source": "Repository",
      "Repository": "CRAN",
      "Hash": "f5b3e8f693522708cd9444c839b432e0"
    },
    "cachem": {
      "Package": "cachem",
      "Version": "1.0.1",
      "Source": "Repository",
      "Repository": "CRAN",
      "Hash": "3259868ce0a3fab9456de8635cc34728"
    },
    "callr": {
      "Package": "callr",
      "Version": "3.5.1",
      "Source": "Repository",
      "Repository": "CRAN",
      "Hash": "b7d7f1e926dfcd57c74ce93f5c048e80"
    },
    "cellranger": {
      "Package": "cellranger",
      "Version": "1.1.0",
      "Source": "Repository",
      "Repository": "CRAN",
      "Hash": "f61dbaec772ccd2e17705c1e872e9e7c"
    },
    "checkmate": {
      "Package": "checkmate",
      "Version": "2.0.0",
      "Source": "Repository",
      "Repository": "CRAN",
      "Hash": "a667800d5f0350371bedeb8b8b950289"
    },
    "class": {
      "Package": "class",
      "Version": "7.3-17",
      "Source": "Repository",
      "Repository": "CRAN",
      "Hash": "9267f5dab59a4ef44229858a142bded1"
    },
    "cli": {
      "Package": "cli",
      "Version": "2.2.0",
      "Source": "Repository",
      "Repository": "CRAN",
      "Hash": "3ef298932294b775fa0a3eeaa3a645b0"
    },
    "clipr": {
      "Package": "clipr",
      "Version": "0.7.0",
      "Source": "CRAN",
      "Repository": "CRAN",
      "RemoteType": "standard",
      "RemoteRef": "clipr",
      "RemoteRepos": "https://cran.rstudio.com",
      "RemoteSha": "0.7.0",
      "Hash": "08cf4045c149a0f0eaf405324c7495bd"
    },
    "cluster": {
      "Package": "cluster",
      "Version": "2.1.0",
      "Source": "Repository",
      "Repository": "CRAN",
      "Hash": "db63a44aab5aadcb6bf2f129751d129a"
    },
    "codetools": {
      "Package": "codetools",
      "Version": "0.2-18",
      "Source": "Repository",
      "Repository": "CRAN",
      "Hash": "019388fc48e48b3da0d3a76ff94608a8"
    },
    "colorspace": {
      "Package": "colorspace",
      "Version": "1.4-1",
      "Source": "CRAN",
      "Repository": "CRAN",
      "RemoteType": "standard",
      "RemoteRef": "colorspace",
      "RemoteRepos": "https://cran.rstudio.com",
      "RemoteSha": "1.4-1",
      "Hash": "6b436e95723d1f0e861224dd9b094dfb"
    },
    "commonmark": {
      "Package": "commonmark",
      "Version": "1.7",
      "Source": "Repository",
      "Repository": "CRAN",
      "Hash": "0f22be39ec1d141fd03683c06f3a6e67"
    },
    "cpp11": {
      "Package": "cpp11",
      "Version": "0.2.5",
      "Source": "Repository",
      "Repository": "CRAN",
      "Hash": "8b9a10255e862eb99e38fa8b0caa6c0d"
    },
    "crayon": {
      "Package": "crayon",
      "Version": "1.3.4",
      "Source": "Repository",
      "Repository": "CRAN",
      "Hash": "0d57bc8e27b7ba9e45dba825ebc0de6b"
    },
    "crosstalk": {
      "Package": "crosstalk",
      "Version": "1.0.0",
      "Source": "Repository",
      "Repository": "CRAN",
      "Hash": "4ac529753d1e529966ef675d7f0c762b"
    },
    "curl": {
      "Package": "curl",
      "Version": "4.3",
      "Source": "Repository",
      "Repository": "CRAN",
      "Hash": "2b7d10581cc730804e9ed178c8374bd6"
    },
    "data.table": {
      "Package": "data.table",
      "Version": "1.13.6",
      "Source": "Repository",
      "Repository": "CRAN",
      "Hash": "813fa8857aaa949b243e2e0b4abb8592"
    },
    "dbplyr": {
      "Package": "dbplyr",
      "Version": "2.0.0",
      "Source": "Repository",
      "Repository": "CRAN",
      "Hash": "714005206038b1dda74cb1de85029a20"
    },
    "dendextend": {
      "Package": "dendextend",
      "Version": "1.14.0",
      "Source": "Repository",
      "Repository": "CRAN",
      "Hash": "b5f300c8b1a2b61a4762ad1a4488ce0f"
    },
    "desc": {
      "Package": "desc",
      "Version": "1.2.0",
      "Source": "Repository",
      "Repository": "CRAN",
      "Hash": "6c8fe8fa26a23b79949375d372c7b395"
    },
    "diffobj": {
      "Package": "diffobj",
      "Version": "0.3.3",
      "Source": "Repository",
      "Repository": "CRAN",
      "Hash": "55fae7ec1418d2a47bd552571673d1af"
    },
    "digest": {
      "Package": "digest",
      "Version": "0.6.23",
      "Source": "Repository",
      "Repository": "CRAN",
      "Hash": "931fd68809dab4609b4d4b5702206066"
    },
    "directlabels": {
      "Package": "directlabels",
      "Version": "2021.1.13",
      "Source": "Repository",
      "Repository": "CRAN",
      "Hash": "dd27110dd3d729cca5fa4b2bf52a2040"
    },
    "dplyr": {
      "Package": "dplyr",
      "Version": "1.0.3",
      "Source": "Repository",
      "Repository": "CRAN",
      "Hash": "365f8c3650ab95582e600f160fd5fb88"
    },
    "edgeR": {
      "Package": "edgeR",
      "Version": "3.28.1",
      "Source": "Bioconductor",
      "Hash": "89c7b7cf2495fd8a434f6d0b40ec5060"
    },
    "egg": {
      "Package": "egg",
      "Version": "0.4.5",
      "Source": "Repository",
      "Repository": "CRAN",
      "Hash": "d958917f7b60c13089ab0c8d17114053"
    },
    "ellipsis": {
      "Package": "ellipsis",
      "Version": "0.3.0",
      "Source": "Repository",
      "Repository": "CRAN",
      "Hash": "7067d90c1c780bfe80c0d497e3d7b49d"
    },
    "esquisse": {
      "Package": "esquisse",
      "Version": "0.3.1",
      "Source": "Repository",
      "Repository": "CRAN",
      "Hash": "ad07068d91410eee1690c3f6b90a2f24"
    },
    "evaluate": {
      "Package": "evaluate",
      "Version": "0.14",
      "Source": "Repository",
      "Repository": "CRAN",
      "Hash": "ec8ca05cffcc70569eaaad8469d2a3a7"
    },
    "fansi": {
      "Package": "fansi",
      "Version": "0.4.1",
      "Source": "Repository",
      "Repository": "CRAN",
      "Hash": "7fce217eaaf8016e72065e85c73027b5"
    },
    "farver": {
      "Package": "farver",
      "Version": "2.0.3",
      "Source": "Repository",
      "Repository": "CRAN",
      "Hash": "dad6793a5a1f73c8e91f1a1e3e834b05"
    },
    "fastmap": {
      "Package": "fastmap",
      "Version": "1.0.1",
      "Source": "Repository",
      "Repository": "CRAN",
      "Hash": "83ab58a0518afe3d17e41da01af13b60"
    },
    "forcats": {
      "Package": "forcats",
      "Version": "0.4.0",
      "Source": "CRAN",
      "Repository": "CRAN",
      "RemoteType": "standard",
      "RemoteRef": "forcats",
      "RemoteRepos": "https://cran.rstudio.com",
      "RemoteSha": "0.4.0",
      "Hash": "c6a8cdc67d337ac3df901b0ea73b8cec"
    },
    "foreach": {
      "Package": "foreach",
      "Version": "1.5.1",
      "Source": "Repository",
      "Repository": "R-Forge",
      "Hash": "03d785867f4d0ba7cfcc91579ad8dae0"
    },
    "foreign": {
      "Package": "foreign",
      "Version": "0.8-76",
      "Source": "Repository",
      "Repository": "CRAN",
      "Hash": "649b9c7a979d50d869578c73fed072cd"
    },
    "formatR": {
      "Package": "formatR",
      "Version": "1.7.1",
      "Source": "Repository",
      "Repository": null,
      "Hash": "acfbb67034194b3afd4c9e7faf0a8158"
    },
    "fs": {
      "Package": "fs",
      "Version": "1.5.0",
      "Source": "Repository",
      "Repository": "CRAN",
      "Hash": "44594a07a42e5f91fac9f93fda6d0109"
    },
    "futile.logger": {
      "Package": "futile.logger",
      "Version": "1.4.3",
      "Source": "Repository",
      "Repository": "CRAN",
      "Hash": "99f0ace8c05ec7d3683d27083c4f1e7e"
    },
    "futile.options": {
      "Package": "futile.options",
      "Version": "1.0.1",
      "Source": "Repository",
      "Repository": "CRAN",
      "Hash": "0d9bf02413ddc2bbe8da9ce369dcdd2b"
    },
    "gclus": {
      "Package": "gclus",
      "Version": "1.3.2",
      "Source": "Repository",
      "Repository": "CRAN",
      "Hash": "8f905e7f70ac42e5b0e39d6ba360dd44"
    },
    "gdtools": {
      "Package": "gdtools",
      "Version": "0.2.3",
      "Source": "Repository",
      "Repository": "CRAN",
      "Hash": "12a524de5a491ff39debb9311fc0763f"
    },
    "genefilter": {
      "Package": "genefilter",
      "Version": "1.68.0",
      "Source": "Bioconductor",
      "Hash": "34fd072f5e71c40b799501f4956f9f77"
    },
    "geneplotter": {
      "Package": "geneplotter",
      "Version": "1.64.0",
      "Source": "Bioconductor",
      "Hash": "47eb16880df2f531689468c4073aebc4"
    },
    "generics": {
      "Package": "generics",
      "Version": "0.1.0",
      "Source": "Repository",
      "Repository": "CRAN",
      "Hash": "4d243a9c10b00589889fe32314ffd902"
    },
    "ggiraph": {
      "Package": "ggiraph",
      "Version": "0.7.8",
      "Source": "Repository",
      "Repository": "CRAN",
      "Hash": "af635db65dcea06d477c263453239097"
    },
    "ggplot2": {
      "Package": "ggplot2",
      "Version": "3.3.3",
      "Source": "Repository",
      "Repository": "CRAN",
      "Hash": "3eb6477d01eb5bbdc03f7d5f70f2733e"
    },
    "ggrepel": {
      "Package": "ggrepel",
      "Version": "0.9.1",
      "Source": "Repository",
      "Repository": "CRAN",
      "Hash": "08ab869f37e6a7741a64ab9069bcb67d"
    },
    "ggridges": {
      "Package": "ggridges",
      "Version": "0.5.2",
      "Source": "Repository",
      "Repository": "CRAN",
      "Hash": "b5c4e55a3856dff3c05595630a40edfc"
    },
    "glue": {
      "Package": "glue",
      "Version": "1.4.2",
      "Source": "Repository",
      "Repository": "CRAN",
      "Hash": "6efd734b14c6471cfe443345f3e35e29"
    },
    "gplots": {
      "Package": "gplots",
      "Version": "3.1.1",
      "Source": "Repository",
      "Repository": "CRAN",
      "Hash": "e65e5d5dea4cbb9ba822dcd782b2ee1f"
    },
    "gridExtra": {
      "Package": "gridExtra",
      "Version": "2.3",
      "Source": "Repository",
      "Repository": "CRAN",
      "Hash": "7d7f283939f563670a697165b2cf5560"
    },
    "gtable": {
      "Package": "gtable",
      "Version": "0.3.0",
      "Source": "CRAN",
      "Repository": "CRAN",
      "RemoteType": "standard",
      "RemoteRef": "gtable",
      "RemoteRepos": "https://cran.rstudio.com",
      "RemoteSha": "0.3.0",
      "Hash": "ac5c6baf7822ce8732b343f14c072c4d"
    },
    "gtools": {
      "Package": "gtools",
      "Version": "3.8.2",
      "Source": "Repository",
      "Repository": "CRAN",
      "Hash": "0a749b4458d19a54acae93c64e3e7c85"
    },
    "heatmaply": {
      "Package": "heatmaply",
      "Version": "1.1.1",
      "Source": "Repository",
      "Repository": "CRAN",
      "Hash": "4f92ed8de553dc43d81434656823565d"
    },
    "highr": {
      "Package": "highr",
      "Version": "0.8",
      "Source": "Repository",
      "Repository": "CRAN",
      "Hash": "4dc5bb88961e347a0f4d8aad597cbfac"
    },
    "hms": {
      "Package": "hms",
      "Version": "0.5.3",
      "Source": "Repository",
      "Repository": "CRAN",
      "Hash": "726671f634529d470545f9fd1a9d1869"
    },
    "htmlTable": {
      "Package": "htmlTable",
      "Version": "2.1.0",
      "Source": "Repository",
      "Repository": "CRAN",
      "Hash": "4f2a742fc75dedafe660e3b47a37680e"
    },
    "htmltools": {
      "Package": "htmltools",
      "Version": "0.4.0",
      "Source": "Repository",
      "Repository": "CRAN",
      "Hash": "2d7691222f82f41e93f6d30f169bd5e1"
    },
    "htmlwidgets": {
      "Package": "htmlwidgets",
      "Version": "1.5.3",
      "Source": "Repository",
      "Repository": "CRAN",
      "Hash": "6fdaa86d0700f8b3e92ee3c445a5a10d"
    },
    "httpuv": {
      "Package": "httpuv",
      "Version": "1.5.2",
      "Source": "Repository",
      "Repository": "CRAN",
      "Hash": "f793dad2c9ae14fbb1d22f16f23f8326"
    },
    "httr": {
      "Package": "httr",
      "Version": "1.4.2",
      "Source": "Repository",
      "Repository": "CRAN",
      "Hash": "a525aba14184fec243f9eaec62fbed43"
    },
    "import": {
      "Package": "import",
      "Version": "1.2.0",
      "Source": "Repository",
      "Repository": "CRAN",
      "Hash": "d387ef61b97f930c4737d59ab91a9885"
    },
    "isoband": {
      "Package": "isoband",
      "Version": "0.2.3",
      "Source": "Repository",
      "Repository": "CRAN",
      "Hash": "53647fb507373700028b2ce6cd30751a"
    },
    "iterators": {
      "Package": "iterators",
      "Version": "1.0.13",
      "Source": "Repository",
      "Repository": "CRAN",
      "Hash": "64778782a89480e9a644f69aad9a2877"
    },
    "jpeg": {
      "Package": "jpeg",
      "Version": "0.1-8.1",
      "Source": "Repository",
      "Repository": "CRAN",
      "Hash": "bc316c003aba520fc73d70ad53b5fc36"
    },
    "jquerylib": {
      "Package": "jquerylib",
      "Version": "0.1.3",
      "Source": "Repository",
      "Repository": "CRAN",
      "Hash": "5ff50b36f7f0832f8421745af333e73c"
    },
    "jsonlite": {
      "Package": "jsonlite",
      "Version": "1.6",
      "Source": "Repository",
      "Repository": "CRAN",
      "Hash": "bc5739654d032acf531356e32e0d0f54"
    },
    "kableExtra": {
      "Package": "kableExtra",
      "Version": "1.2.1",
      "Source": "Repository",
      "Repository": "CRAN",
      "Hash": "bd48a6f2a7902156d2a905c94d2529a6"
    },
    "knitr": {
      "Package": "knitr",
      "Version": "1.27",
      "Source": "Repository",
      "Repository": "CRAN",
      "Hash": "0eaaccb0946bf5ee33e2762882a4ae07"
    },
    "labeling": {
      "Package": "labeling",
      "Version": "0.3",
      "Source": "CRAN",
      "Repository": "CRAN",
      "RemoteType": "standard",
      "RemoteRef": "labeling",
      "RemoteRepos": "https://cran.rstudio.com",
      "RemoteSha": "0.3",
      "Hash": "73832978c1de350df58108c745ed0e3e"
    },
    "lambda.r": {
      "Package": "lambda.r",
      "Version": "1.2.4",
      "Source": "Repository",
      "Repository": "CRAN",
      "Hash": "b1e925c4b9ffeb901bacf812cbe9a6ad"
    },
    "later": {
      "Package": "later",
      "Version": "1.0.0",
      "Source": "Repository",
      "Repository": "CRAN",
      "Hash": "6d927978fc658d24175ce37db635f9e5"
    },
    "lattice": {
      "Package": "lattice",
      "Version": "0.20-38",
      "Source": "Repository",
      "Repository": "CRAN",
      "Hash": "848f8c593fd1050371042d18d152e3d7"
    },
    "latticeExtra": {
      "Package": "latticeExtra",
      "Version": "0.6-30",
      "Source": "Repository",
      "Repository": "R-Forge",
      "Hash": "936e0c2bb1d41aad5d03d1bda5d2b3ee"
    },
    "lazyeval": {
      "Package": "lazyeval",
      "Version": "0.2.2",
      "Source": "CRAN",
      "Repository": "CRAN",
      "RemoteType": "standard",
      "RemoteRef": "lazyeval",
      "RemoteRepos": "https://cran.rstudio.com",
      "RemoteSha": "0.2.2",
      "Hash": "d908914ae53b04d4c0c0fd72ecc35370"
    },
    "lifecycle": {
      "Package": "lifecycle",
      "Version": "0.2.0",
      "Source": "Repository",
      "Repository": "CRAN",
      "Hash": "361811f31f71f8a617a9a68bf63f1f42"
    },
    "limma": {
      "Package": "limma",
      "Version": "3.42.2",
      "Source": "Bioconductor",
      "Hash": "d56e7c663eb11536c78fe2f25d9fa544"
    },
    "locfit": {
      "Package": "locfit",
      "Version": "1.5-9.4",
      "Source": "Repository",
      "Repository": "CRAN",
      "Hash": "760b5b542e8435237d1b3c253bfe18e7"
    },
    "magrittr": {
      "Package": "magrittr",
      "Version": "1.5",
      "Source": "CRAN",
      "Repository": "CRAN",
      "RemoteType": "standard",
      "RemoteRef": "magrittr",
      "RemoteRepos": "https://cran.rstudio.com",
      "RemoteSha": "1.5",
      "Hash": "1bb58822a20301cee84a41678e25d9b7"
    },
    "markdown": {
      "Package": "markdown",
      "Version": "1.1",
      "Source": "Repository",
      "Repository": "CRAN",
      "Hash": "61e4a10781dd00d7d81dd06ca9b94e95"
    },
    "matrixStats": {
      "Package": "matrixStats",
      "Version": "0.57.0",
      "Source": "Repository",
      "Repository": "CRAN",
      "Hash": "7249fc52d19eab5af7a02925ab534d9c"
    },
    "memoise": {
      "Package": "memoise",
      "Version": "2.0.0",
      "Source": "Repository",
      "Repository": "CRAN",
      "Hash": "a0bc51650201a56d00a4798523cc91b3"
    },
    "mgcv": {
      "Package": "mgcv",
      "Version": "1.8-28",
      "Source": "Repository",
      "Repository": "CRAN",
      "Hash": "aa301a255aac625db12ee1793bd79265"
    },
    "mime": {
      "Package": "mime",
      "Version": "0.8",
      "Source": "Repository",
      "Repository": "CRAN",
      "Hash": "3d8abfab430c94a15e20eb91f052293f"
    },
    "miniUI": {
      "Package": "miniUI",
      "Version": "0.1.1.1",
      "Source": "Repository",
      "Repository": "CRAN",
      "Hash": "fec5f52652d60615fdb3957b3d74324a"
    },
    "munsell": {
      "Package": "munsell",
      "Version": "0.5.0",
      "Source": "CRAN",
      "Repository": "CRAN",
      "RemoteType": "standard",
      "RemoteRef": "munsell",
      "RemoteRepos": "https://cran.rstudio.com",
      "RemoteSha": "0.5.0",
      "Hash": "6dfe8bf774944bd5595785e3229d8771"
    },
    "nlme": {
      "Package": "nlme",
      "Version": "3.1-140",
      "Source": "Repository",
      "Repository": "CRAN",
      "Hash": "79d4c59449e799385e98e222e5f8f950"
    },
    "nnet": {
      "Package": "nnet",
      "Version": "7.3-14",
      "Source": "Repository",
      "Repository": "CRAN",
      "Hash": "0d87e50e11394a7151a28873637d799a"
    },
    "openssl": {
      "Package": "openssl",
      "Version": "1.4.3",
      "Source": "Repository",
      "Repository": "CRAN",
      "Hash": "a399e4773075fc2375b71f45fca186c4"
    },
    "openxlsx": {
      "Package": "openxlsx",
      "Version": "4.2.3",
      "Source": "Repository",
      "Repository": "CRAN",
      "Hash": "2253a430965e222d11a2f9277cd34c2e"
    },
    "pcaMethods": {
      "Package": "pcaMethods",
      "Version": "1.76.0",
      "Source": "Bioconductor",
      "Hash": "cc882c718ca45fabfdfab55df658d5c1"
    },
    "pillar": {
      "Package": "pillar",
      "Version": "1.4.3",
      "Source": "Repository",
      "Repository": "CRAN",
      "Hash": "fa3ed60396b6998d0427c57dab90fba4"
    },
    "pkgbuild": {
      "Package": "pkgbuild",
      "Version": "1.2.0",
      "Source": "Repository",
      "Repository": "CRAN",
      "Hash": "725fcc30222d4d11ec68efb8ff11a9af"
    },
    "pkgconfig": {
      "Package": "pkgconfig",
      "Version": "2.0.3",
      "Source": "Repository",
      "Repository": "CRAN",
      "Hash": "01f28d4278f15c76cddbea05899c5d6f"
    },
    "pkgload": {
      "Package": "pkgload",
      "Version": "1.1.0",
      "Source": "Repository",
      "Repository": "CRAN",
      "Hash": "b6b150cd4709e0c0c9b5d51ac4376282"
    },
    "plogr": {
      "Package": "plogr",
      "Version": "0.2.0",
      "Source": "Repository",
      "Repository": "CRAN",
      "Hash": "09eb987710984fc2905c7129c7d85e65"
    },
    "plotly": {
      "Package": "plotly",
      "Version": "4.9.3",
      "Source": "Repository",
      "Repository": "CRAN",
      "Hash": "f6b85d9e4ed88074ea0ede1aa74bb00e"
    },
    "plyr": {
      "Package": "plyr",
      "Version": "1.8.5",
      "Source": "Repository",
      "Repository": "CRAN",
      "Hash": "3f1b0dbcc503320e6e7aae6c3ff87eaa"
    },
    "png": {
      "Package": "png",
      "Version": "0.1-8",
      "Source": "Repository",
      "Repository": null,
      "Hash": "bd54ba8a0a5faded999a7aab6e46b374"
    },
    "praise": {
      "Package": "praise",
      "Version": "1.0.0",
      "Source": "Repository",
      "Repository": "CRAN",
      "Hash": "a555924add98c99d2f411e37e7d25e9f"
    },
    "prettyunits": {
      "Package": "prettyunits",
      "Version": "1.1.1",
      "Source": "Repository",
      "Repository": "CRAN",
      "Hash": "95ef9167b75dde9d2ccc3c7528393e7e"
    },
    "processx": {
      "Package": "processx",
      "Version": "3.4.4",
      "Source": "Repository",
      "Repository": "CRAN",
      "Hash": "03446ed0b8129916f73676726cb3c48f"
    },
    "progress": {
      "Package": "progress",
      "Version": "1.2.2",
      "Source": "Repository",
      "Repository": "CRAN",
      "Hash": "14dc9f7a3c91ebb14ec5bb9208a07061"
    },
    "promises": {
      "Package": "promises",
      "Version": "1.1.0",
      "Source": "Repository",
      "Repository": "CRAN",
      "Hash": "efbbe62da4709f7040a380c702bc7103"
    },
    "ps": {
      "Package": "ps",
      "Version": "1.3.4",
      "Source": "Repository",
      "Repository": "CRAN",
      "Hash": "a54a7dfd68124abb2225dbfa9a85c457"
    },
    "purrr": {
      "Package": "purrr",
      "Version": "0.3.3",
      "Source": "Repository",
      "Repository": "CRAN",
      "Hash": "22aca7d1181718e927d403a8c2d69d62"
    },
    "qap": {
      "Package": "qap",
      "Version": "0.1-1",
      "Source": "Repository",
      "Repository": "CRAN",
      "Hash": "753e69deffc32851121955ea150ecf8d"
    },
    "quadprog": {
      "Package": "quadprog",
      "Version": "1.5-8",
      "Source": "Repository",
      "Repository": "CRAN",
      "Hash": "5f919ae5e7f83a6f91dcf2288943370d"
    },
    "rappdirs": {
      "Package": "rappdirs",
      "Version": "0.3.1",
      "Source": "Repository",
      "Repository": "CRAN",
      "Hash": "8c8298583adbbe76f3c2220eef71bebc"
    },
    "readr": {
      "Package": "readr",
      "Version": "1.3.1",
      "Source": "CRAN",
      "Repository": "CRAN",
      "RemoteType": "standard",
      "RemoteRef": "readr",
      "RemoteRepos": "https://cran.rstudio.com",
      "RemoteSha": "1.3.1",
      "Hash": "af8ab99cd936773a148963905736907b"
    },
    "readxl": {
      "Package": "readxl",
      "Version": "1.3.1",
      "Source": "Repository",
      "Repository": "CRAN",
      "Hash": "63537c483c2dbec8d9e3183b3735254a"
    },
    "registry": {
      "Package": "registry",
      "Version": "0.5-1",
      "Source": "Repository",
      "Repository": "CRAN",
      "Hash": "1c9935f4f14c6c096c9c9072ddee59f1"
    },
    "rematch": {
      "Package": "rematch",
      "Version": "1.0.1",
      "Source": "Repository",
      "Repository": "CRAN",
      "Hash": "c66b930d20bb6d858cd18e1cebcfae5c"
    },
    "rematch2": {
      "Package": "rematch2",
      "Version": "2.1.2",
      "Source": "Repository",
      "Repository": "CRAN",
      "Hash": "76c9e04c712a05848ae7a23d2f170a40"
    },
    "renv": {
      "Package": "renv",
      "Version": "0.12.0",
      "Source": "Repository",
      "Repository": "CRAN",
      "Hash": "7340c71f46a0fd16506cfa804e224e44"
    },
    "reshape2": {
      "Package": "reshape2",
      "Version": "1.4.3",
      "Source": "CRAN",
      "Repository": "CRAN",
      "RemoteType": "standard",
      "RemoteRef": "reshape2",
      "RemoteRepos": "https://cran.rstudio.com",
      "RemoteSha": "1.4.3",
      "Hash": "15a23ad30f51789188e439599559815c"
    },
    "rlang": {
      "Package": "rlang",
      "Version": "0.4.10",
      "Source": "Repository",
      "Repository": "CRAN",
      "Hash": "599df23c40a4fce9c7b4764f28c37857"
    },
    "rmarkdown": {
      "Package": "rmarkdown",
      "Version": "2.1",
      "Source": "Repository",
      "Repository": "CRAN",
      "Hash": "9d1c61d476c448350c482d6664e1b28b"
    },
    "roxygen2": {
      "Package": "roxygen2",
      "Version": "7.1.1",
      "Source": "Repository",
      "Repository": "CRAN",
      "Hash": "fcd94e00cc409b25d07ca50f7bf339f5"
    },
    "rpart": {
      "Package": "rpart",
      "Version": "4.1-15",
      "Source": "Repository",
      "Repository": "CRAN",
      "Hash": "9787c1fcb680e655d062e7611cadf78e"
    },
    "rprojroot": {
      "Package": "rprojroot",
      "Version": "2.0.2",
      "Source": "Repository",
      "Repository": "CRAN",
      "Hash": "249d8cd1e74a8f6a26194a91b47f21d1"
    },
    "rstudioapi": {
      "Package": "rstudioapi",
      "Version": "0.11",
      "Source": "Repository",
      "Repository": "CRAN",
      "Hash": "33a5b27a03da82ac4b1d43268f80088a"
    },
    "rtracklayer": {
      "Package": "rtracklayer",
      "Version": "1.46.0",
      "Source": "Bioconductor",
      "Hash": "a635995c99bc0e67fd23167f859893af"
    },
    "rvest": {
      "Package": "rvest",
      "Version": "0.3.6",
      "Source": "Repository",
      "Repository": "CRAN",
      "Hash": "a9795ccb2d608330e841998b67156764"
    },
    "sass": {
      "Package": "sass",
      "Version": "0.3.1",
      "Source": "Repository",
      "Repository": "CRAN",
      "Hash": "3ef1adfe46b7b144b970d74ce33ab0d6"
    },
    "scales": {
      "Package": "scales",
      "Version": "1.1.0",
      "Source": "Repository",
      "Repository": "CRAN",
      "Hash": "a1c68369c629ea3188d0676e37069c65"
    },
    "selectr": {
      "Package": "selectr",
      "Version": "0.4-2",
      "Source": "Repository",
      "Repository": "CRAN",
      "Hash": "3838071b66e0c566d55cc26bd6e27bf4"
    },
    "seriation": {
      "Package": "seriation",
      "Version": "1.2-9",
      "Source": "Repository",
      "Repository": "CRAN",
      "Hash": "d972f50a1404cf4c413f6c3ca29efc59"
    },
    "shiny": {
      "Package": "shiny",
      "Version": "1.4.0",
      "Source": "Repository",
      "Repository": "CRAN",
      "Hash": "6ca23724bb2c804c1d0b3db4862a39c7"
    },
    "shinyAce": {
      "Package": "shinyAce",
      "Version": "0.4.1",
      "Source": "Repository",
      "Repository": "CRAN",
      "Hash": "402073a8a045c9f5ea096ed94e01d9ce"
    },
    "shinyBS": {
      "Package": "shinyBS",
      "Version": "0.61",
      "Source": "Repository",
      "Repository": "CRAN",
      "Hash": "f895dafd39733c4a70d425f605a832e7"
    },
    "shinyWidgets": {
      "Package": "shinyWidgets",
      "Version": "0.5.6",
      "Source": "Repository",
      "Repository": "CRAN",
      "Hash": "cfeab56e3bc9d470208c6e645744f532"
    },
    "shinydashboard": {
      "Package": "shinydashboard",
      "Version": "0.7.1",
      "Source": "Repository",
      "Repository": "CRAN",
      "Hash": "133639dc106955eee4ffb8ec73edac37"
    },
    "shinyjqui": {
      "Package": "shinyjqui",
      "Version": "0.3.3",
      "Source": "Repository",
      "Repository": "CRAN",
      "Hash": "e53b887337af83e1f6213d0e83640968"
    },
    "shinyjs": {
      "Package": "shinyjs",
      "Version": "2.0.0",
      "Source": "Repository",
      "Repository": "CRAN",
      "Hash": "9ddfc91d4280eaa34c2103951538976f"
    },
    "slam": {
      "Package": "slam",
      "Version": "0.1-48",
      "Source": "Repository",
      "Repository": "CRAN",
      "Hash": "1ab2028f9597732e853f85b9b7ee0090"
    },
    "snow": {
      "Package": "snow",
      "Version": "0.4-3",
      "Source": "Repository",
      "Repository": "CRAN",
      "Hash": "11b822ad6214111a4188d5e5fd1b144c"
    },
    "sourcetools": {
      "Package": "sourcetools",
      "Version": "0.1.7",
      "Source": "Repository",
      "Repository": "CRAN",
      "Hash": "947e4e02a79effa5d512473e10f41797"
    },
    "spatial": {
      "Package": "spatial",
      "Version": "7.3-12",
      "Source": "Repository",
      "Repository": "CRAN",
      "Hash": "58a02ce0150652b96c044bc67a0df2e5"
    },
    "stringi": {
      "Package": "stringi",
      "Version": "1.4.5",
      "Source": "Repository",
      "Repository": "CRAN",
      "Hash": "ced3b63472796155f74abc4eb5266c78"
    },
    "stringr": {
      "Package": "stringr",
      "Version": "1.4.0",
      "Source": "CRAN",
      "Repository": "CRAN",
      "RemoteType": "standard",
      "RemoteRef": "stringr",
      "RemoteRepos": "https://cran.rstudio.com",
      "RemoteSha": "1.4.0",
      "Hash": "0759e6b6c0957edb1311028a49a35e76"
    },
    "survival": {
      "Package": "survival",
      "Version": "3.2-7",
      "Source": "Repository",
      "Repository": "CRAN",
      "Hash": "39c4ac6d22dad33db0ee37b40810ea12"
    },
    "sys": {
      "Package": "sys",
      "Version": "3.4",
      "Source": "Repository",
      "Repository": "CRAN",
      "Hash": "b227d13e29222b4574486cfcbde077fa"
    },
    "systemfonts": {
      "Package": "systemfonts",
      "Version": "0.3.2",
      "Source": "Repository",
      "Repository": "CRAN",
      "Hash": "046e821d454edb3722192f588f4d7884"
    },
    "testthat": {
      "Package": "testthat",
      "Version": "3.0.1",
      "Source": "Repository",
      "Repository": "CRAN",
      "Hash": "17826764cb92d8b5aae6619896e5a161"
    },
    "textshape": {
      "Package": "textshape",
      "Version": "1.7.1",
      "Source": "Repository",
      "Repository": "CRAN",
      "Hash": "d87f0855e8cf57a3bd2506f7e5aa4459"
    },
    "tibble": {
      "Package": "tibble",
      "Version": "3.0.5",
      "Source": "Repository",
      "Repository": "CRAN",
      "Hash": "a1958587eb651a02273d685fff3819b1"
    },
    "tictoc": {
      "Package": "tictoc",
      "Version": "1.0",
      "Source": "Repository",
      "Repository": "CRAN",
      "Hash": "f8cc5adf4671b013434bbe127f35b28c"
    },
    "tidyr": {
      "Package": "tidyr",
      "Version": "1.0.0",
      "Source": "Repository",
      "Repository": "CRAN",
      "Hash": "8187ca2c27e80978f5b143bec554a437"
    },
    "tidyselect": {
      "Package": "tidyselect",
      "Version": "1.1.0",
      "Source": "Repository",
      "Repository": "CRAN",
      "Hash": "6ea435c354e8448819627cf686f66e0a"
    },
    "tinytex": {
      "Package": "tinytex",
      "Version": "0.19",
      "Source": "Repository",
      "Repository": "CRAN",
      "Hash": "b1c0c22cab714ec9ce9472a8073b6922"
    },
    "utf8": {
      "Package": "utf8",
      "Version": "1.1.4",
      "Source": "CRAN",
      "Repository": "CRAN",
      "RemoteType": "standard",
      "RemoteRef": "utf8",
      "RemoteRepos": "https://cran.rstudio.com",
      "RemoteSha": "1.1.4",
      "Hash": "4a5081acfb7b81a572e4384a7aaf2af1"
    },
    "uuid": {
      "Package": "uuid",
      "Version": "0.1-4",
      "Source": "Repository",
      "Repository": "CRAN",
      "Hash": "e4169eb989a5d03ccb6b628cad1b1b50"
    },
    "vctrs": {
      "Package": "vctrs",
      "Version": "0.3.6",
      "Source": "Repository",
      "Repository": "CRAN",
      "Hash": "5cf1957f93076c19fdc81d01409d240b"
    },
    "viridis": {
      "Package": "viridis",
      "Version": "0.5.1",
      "Source": "Repository",
      "Repository": "CRAN",
      "Hash": "6f6b49e5b3b5ee5a6d0c28bf1b4b9eb3"
    },
    "viridisLite": {
      "Package": "viridisLite",
      "Version": "0.3.0",
      "Source": "CRAN",
      "Repository": "CRAN",
      "RemoteType": "standard",
      "RemoteRef": "viridisLite",
      "RemoteRepos": "https://cran.rstudio.com",
      "RemoteSha": "0.3.0",
      "Hash": "ce4f6271baa94776db692f1cb2055bee"
    },
    "waldo": {
      "Package": "waldo",
      "Version": "0.2.3",
      "Source": "Repository",
      "Repository": "CRAN",
      "Hash": "181d1a31b1ba2009ef20926f2ee0570c"
    },
    "webshot": {
      "Package": "webshot",
      "Version": "0.5.2",
      "Source": "Repository",
      "Repository": "CRAN",
      "Hash": "e99d80ad34457a4853674e89d5e806de"
    },
    "withr": {
      "Package": "withr",
      "Version": "2.4.1",
      "Source": "Repository",
      "Repository": "CRAN",
      "Hash": "caf4781c674ffa549a4676d2d77b13cc"
    },
    "xfun": {
      "Package": "xfun",
      "Version": "0.12",
      "Source": "Repository",
      "Repository": "CRAN",
      "Hash": "ccd8453a7b9e380628f6cd2862e46cad"
    },
    "xml2": {
      "Package": "xml2",
      "Version": "1.3.2",
      "Source": "Repository",
      "Repository": "CRAN",
      "Hash": "d4d71a75dd3ea9eb5fa28cc21f9585e2"
    },
    "xtable": {
      "Package": "xtable",
      "Version": "1.8-6",
      "Source": "Repository",
      "Repository": "R-Forge",
      "Hash": "1c0fd518eb1e4a9055f212aa6e9b1eb8"
    },
    "yaml": {
      "Package": "yaml",
      "Version": "2.2.0",
      "Source": "Repository",
      "Repository": "CRAN",
      "Hash": "c78bdf1d16bd4ec7ecc86c6986d53309"
    },
    "zeallot": {
      "Package": "zeallot",
      "Version": "0.1.0",
      "Source": "CRAN",
      "Repository": "CRAN",
      "RemoteType": "standard",
      "RemoteRef": "zeallot",
      "RemoteRepos": "https://cran.rstudio.com",
      "RemoteSha": "0.1.0",
      "Hash": "ee9b643aa8331c45d8d82eb3a137c9bc"
    },
    "zip": {
      "Package": "zip",
      "Version": "2.1.1",
      "Source": "Repository",
      "Repository": "CRAN",
      "Hash": "3bc8405c637d988801ec5ea88372d0c2"
    },
    "zlibbioc": {
      "Package": "zlibbioc",
      "Version": "1.32.0",
      "Source": "Bioconductor",
      "Hash": "f7a31247eadfb45098bcf2e8c4aebb49"
    },
    "zoo": {
      "Package": "zoo",
      "Version": "1.8-9",
      "Source": "Repository",
      "Repository": "R-Forge",
      "Hash": "2cefad74d2e58664d14b36aaf6f2db42"
    }
  }
}
